// !$*UTF8*$!
{
	archiveVersion = 1;
	classes = {
	};
	objectVersion = 46;
	objects = {

/* Begin PBXBuildFile section */
		CE4349DB1CA576E400BC09A7 /* main.m in Sources */ = {isa = PBXBuildFile; fileRef = CE4349DA1CA576E400BC09A7 /* main.m */; };
		CE4349DE1CA576E400BC09A7 /* AppDelegate.m in Sources */ = {isa = PBXBuildFile; fileRef = CE4349DD1CA576E400BC09A7 /* AppDelegate.m */; };
		CE4349E11CA576E400BC09A7 /* ViewController.m in Sources */ = {isa = PBXBuildFile; fileRef = CE4349E01CA576E400BC09A7 /* ViewController.m */; };
		CE4349E41CA576E400BC09A7 /* Main.storyboard in Resources */ = {isa = PBXBuildFile; fileRef = CE4349E21CA576E400BC09A7 /* Main.storyboard */; };
		CE4349E61CA576E400BC09A7 /* Assets.xcassets in Resources */ = {isa = PBXBuildFile; fileRef = CE4349E51CA576E400BC09A7 /* Assets.xcassets */; };
		CE4349E91CA576E400BC09A7 /* LaunchScreen.storyboard in Resources */ = {isa = PBXBuildFile; fileRef = CE4349E71CA576E400BC09A7 /* LaunchScreen.storyboard */; };
		CEE72FFE1CB0C2B30093F9CE /* TodoCell.m in Sources */ = {isa = PBXBuildFile; fileRef = CEE72FFD1CB0C2B30093F9CE /* TodoCell.m */; };
		CEE730011CB0C8030093F9CE /* TodoItem.m in Sources */ = {isa = PBXBuildFile; fileRef = CEE730001CB0C8030093F9CE /* TodoItem.m */; };
		CEE730171CB2966D0093F9CE /* AddNewTodoViewController.m in Sources */ = {isa = PBXBuildFile; fileRef = CEE730161CB2966D0093F9CE /* AddNewTodoViewController.m */; };
		CEE7301A1CB2A6960093F9CE /* SettingViewController.m in Sources */ = {isa = PBXBuildFile; fileRef = CEE730191CB2A6960093F9CE /* SettingViewController.m */; };
/* End PBXBuildFile section */

/* Begin PBXFileReference section */
		CE4349D61CA576E300BC09A7 /* Todo.app */ = {isa = PBXFileReference; explicitFileType = wrapper.application; includeInIndex = 0; path = Todo.app; sourceTree = BUILT_PRODUCTS_DIR; };
		CE4349DA1CA576E400BC09A7 /* main.m */ = {isa = PBXFileReference; lastKnownFileType = sourcecode.c.objc; path = main.m; sourceTree = "<group>"; };
		CE4349DC1CA576E400BC09A7 /* AppDelegate.h */ = {isa = PBXFileReference; lastKnownFileType = sourcecode.c.h; path = AppDelegate.h; sourceTree = "<group>"; };
		CE4349DD1CA576E400BC09A7 /* AppDelegate.m */ = {isa = PBXFileReference; lastKnownFileType = sourcecode.c.objc; path = AppDelegate.m; sourceTree = "<group>"; };
		CE4349DF1CA576E400BC09A7 /* ViewController.h */ = {isa = PBXFileReference; lastKnownFileType = sourcecode.c.h; path = ViewController.h; sourceTree = "<group>"; };
		CE4349E01CA576E400BC09A7 /* ViewController.m */ = {isa = PBXFileReference; lastKnownFileType = sourcecode.c.objc; path = ViewController.m; sourceTree = "<group>"; };
		CE4349E31CA576E400BC09A7 /* Base */ = {isa = PBXFileReference; lastKnownFileType = file.storyboard; name = Base; path = Base.lproj/Main.storyboard; sourceTree = "<group>"; };
		CE4349E51CA576E400BC09A7 /* Assets.xcassets */ = {isa = PBXFileReference; lastKnownFileType = folder.assetcatalog; path = Assets.xcassets; sourceTree = "<group>"; };
		CE4349E81CA576E400BC09A7 /* Base */ = {isa = PBXFileReference; lastKnownFileType = file.storyboard; name = Base; path = Base.lproj/LaunchScreen.storyboard; sourceTree = "<group>"; };
		CE4349EA1CA576E400BC09A7 /* Info.plist */ = {isa = PBXFileReference; lastKnownFileType = text.plist.xml; path = Info.plist; sourceTree = "<group>"; };
		CEE72FFC1CB0C2B30093F9CE /* TodoCell.h */ = {isa = PBXFileReference; fileEncoding = 4; lastKnownFileType = sourcecode.c.h; path = TodoCell.h; sourceTree = "<group>"; };
		CEE72FFD1CB0C2B30093F9CE /* TodoCell.m */ = {isa = PBXFileReference; fileEncoding = 4; lastKnownFileType = sourcecode.c.objc; path = TodoCell.m; sourceTree = "<group>"; };
		CEE72FFF1CB0C8030093F9CE /* TodoItem.h */ = {isa = PBXFileReference; fileEncoding = 4; lastKnownFileType = sourcecode.c.h; path = TodoItem.h; sourceTree = "<group>"; };
		CEE730001CB0C8030093F9CE /* TodoItem.m */ = {isa = PBXFileReference; fileEncoding = 4; lastKnownFileType = sourcecode.c.objc; path = TodoItem.m; sourceTree = "<group>"; };
		CEE730151CB2966D0093F9CE /* AddNewTodoViewController.h */ = {isa = PBXFileReference; fileEncoding = 4; lastKnownFileType = sourcecode.c.h; path = AddNewTodoViewController.h; sourceTree = "<group>"; };
		CEE730161CB2966D0093F9CE /* AddNewTodoViewController.m */ = {isa = PBXFileReference; fileEncoding = 4; lastKnownFileType = sourcecode.c.objc; path = AddNewTodoViewController.m; sourceTree = "<group>"; };
		CEE730181CB2A6960093F9CE /* SettingViewController.h */ = {isa = PBXFileReference; fileEncoding = 4; lastKnownFileType = sourcecode.c.h; path = SettingViewController.h; sourceTree = "<group>"; };
		CEE730191CB2A6960093F9CE /* SettingViewController.m */ = {isa = PBXFileReference; fileEncoding = 4; lastKnownFileType = sourcecode.c.objc; path = SettingViewController.m; sourceTree = "<group>"; };
/* End PBXFileReference section */

/* Begin PBXFrameworksBuildPhase section */
		CE4349D31CA576E300BC09A7 /* Frameworks */ = {
			isa = PBXFrameworksBuildPhase;
			buildActionMask = 2147483647;
			files = (
			);
			runOnlyForDeploymentPostprocessing = 0;
		};
/* End PBXFrameworksBuildPhase section */

/* Begin PBXGroup section */
		CE4349CD1CA576E300BC09A7 = {
			isa = PBXGroup;
			children = (
				CE4349D81CA576E400BC09A7 /* Todo */,
				CE4349D71CA576E300BC09A7 /* Products */,
			);
			sourceTree = "<group>";
		};
		CE4349D71CA576E300BC09A7 /* Products */ = {
			isa = PBXGroup;
			children = (
				CE4349D61CA576E300BC09A7 /* Todo.app */,
			);
			name = Products;
			sourceTree = "<group>";
		};
		CE4349D81CA576E400BC09A7 /* Todo */ = {
			isa = PBXGroup;
			children = (
				CE4349DC1CA576E400BC09A7 /* AppDelegate.h */,
				CE4349DD1CA576E400BC09A7 /* AppDelegate.m */,
				CE4349DF1CA576E400BC09A7 /* ViewController.h */,
				CE4349E01CA576E400BC09A7 /* ViewController.m */,
				CE4349E21CA576E400BC09A7 /* Main.storyboard */,
				CE4349E51CA576E400BC09A7 /* Assets.xcassets */,
				CE4349E71CA576E400BC09A7 /* LaunchScreen.storyboard */,
				CE4349EA1CA576E400BC09A7 /* Info.plist */,
				CE4349D91CA576E400BC09A7 /* Supporting Files */,
				CEE72FFC1CB0C2B30093F9CE /* TodoCell.h */,
				CEE72FFD1CB0C2B30093F9CE /* TodoCell.m */,
				CEE72FFF1CB0C8030093F9CE /* TodoItem.h */,
				CEE730001CB0C8030093F9CE /* TodoItem.m */,
				CEE730151CB2966D0093F9CE /* AddNewTodoViewController.h */,
				CEE730161CB2966D0093F9CE /* AddNewTodoViewController.m */,
				CEE730181CB2A6960093F9CE /* SettingViewController.h */,
				CEE730191CB2A6960093F9CE /* SettingViewController.m */,
			);
			path = Todo;
			sourceTree = "<group>";
		};
		CE4349D91CA576E400BC09A7 /* Supporting Files */ = {
			isa = PBXGroup;
			children = (
				CE4349DA1CA576E400BC09A7 /* main.m */,
			);
			name = "Supporting Files";
			sourceTree = "<group>";
		};
/* End PBXGroup section */

/* Begin PBXNativeTarget section */
		CE4349D51CA576E300BC09A7 /* Todo */ = {
			isa = PBXNativeTarget;
			buildConfigurationList = CE4349ED1CA576E400BC09A7 /* Build configuration list for PBXNativeTarget "Todo" */;
			buildPhases = (
				CE4349D21CA576E300BC09A7 /* Sources */,
				CE4349D31CA576E300BC09A7 /* Frameworks */,
				CE4349D41CA576E300BC09A7 /* Resources */,
			);
			buildRules = (
			);
			dependencies = (
			);
			name = Todo;
			productName = Todo;
			productReference = CE4349D61CA576E300BC09A7 /* Todo.app */;
			productType = "com.apple.product-type.application";
		};
/* End PBXNativeTarget section */

/* Begin PBXProject section */
		CE4349CE1CA576E300BC09A7 /* Project object */ = {
			isa = PBXProject;
			attributes = {
				LastUpgradeCheck = 0730;
				ORGANIZATIONNAME = hello;
				TargetAttributes = {
					CE4349D51CA576E300BC09A7 = {
						CreatedOnToolsVersion = 7.3;
						DevelopmentTeam = LQ226VA3DQ;
					};
				};
			};
			buildConfigurationList = CE4349D11CA576E300BC09A7 /* Build configuration list for PBXProject "Todo" */;
			compatibilityVersion = "Xcode 3.2";
			developmentRegion = English;
			hasScannedForEncodings = 0;
			knownRegions = (
				en,
				Base,
			);
			mainGroup = CE4349CD1CA576E300BC09A7;
			productRefGroup = CE4349D71CA576E300BC09A7 /* Products */;
			projectDirPath = "";
			projectRoot = "";
			targets = (
				CE4349D51CA576E300BC09A7 /* Todo */,
			);
		};
/* End PBXProject section */

/* Begin PBXResourcesBuildPhase section */
		CE4349D41CA576E300BC09A7 /* Resources */ = {
			isa = PBXResourcesBuildPhase;
			buildActionMask = 2147483647;
			files = (
				CE4349E91CA576E400BC09A7 /* LaunchScreen.storyboard in Resources */,
				CE4349E61CA576E400BC09A7 /* Assets.xcassets in Resources */,
				CE4349E41CA576E400BC09A7 /* Main.storyboard in Resources */,
			);
			runOnlyForDeploymentPostprocessing = 0;
		};
/* End PBXResourcesBuildPhase section */

/* Begin PBXSourcesBuildPhase section */
		CE4349D21CA576E300BC09A7 /* Sources */ = {
			isa = PBXSourcesBuildPhase;
			buildActionMask = 2147483647;
			files = (
				CE4349E11CA576E400BC09A7 /* ViewController.m in Sources */,
				CE4349DE1CA576E400BC09A7 /* AppDelegate.m in Sources */,
				CE4349DB1CA576E400BC09A7 /* main.m in Sources */,
				CEE7301A1CB2A6960093F9CE /* SettingViewController.m in Sources */,
				CEE730171CB2966D0093F9CE /* AddNewTodoViewController.m in Sources */,
				CEE72FFE1CB0C2B30093F9CE /* TodoCell.m in Sources */,
				CEE730011CB0C8030093F9CE /* TodoItem.m in Sources */,
			);
			runOnlyForDeploymentPostprocessing = 0;
		};
/* End PBXSourcesBuildPhase section */

/* Begin PBXVariantGroup section */
		CE4349E21CA576E400BC09A7 /* Main.storyboard */ = {
			isa = PBXVariantGroup;
			children = (
				CE4349E31CA576E400BC09A7 /* Base */,
			);
			name = Main.storyboard;
			sourceTree = "<group>";
		};
		CE4349E71CA576E400BC09A7 /* LaunchScreen.storyboard */ = {
			isa = PBXVariantGroup;
			children = (
				CE4349E81CA576E400BC09A7 /* Base */,
			);
			name = LaunchScreen.storyboard;
			sourceTree = "<group>";
		};
/* End PBXVariantGroup section */

/* Begin XCBuildConfiguration section */
		CE4349EB1CA576E400BC09A7 /* Debug */ = {
			isa = XCBuildConfiguration;
			buildSettings = {
				ALWAYS_SEARCH_USER_PATHS = NO;
				CLANG_ANALYZER_NONNULL = YES;
				CLANG_CXX_LANGUAGE_STANDARD = "gnu++0x";
				CLANG_CXX_LIBRARY = "libc++";
				CLANG_ENABLE_MODULES = YES;
				CLANG_ENABLE_OBJC_ARC = YES;
				CLANG_WARN_BOOL_CONVERSION = YES;
				CLANG_WARN_CONSTANT_CONVERSION = YES;
				CLANG_WARN_DIRECT_OBJC_ISA_USAGE = YES_ERROR;
				CLANG_WARN_EMPTY_BODY = YES;
				CLANG_WARN_ENUM_CONVERSION = YES;
				CLANG_WARN_INT_CONVERSION = YES;
				CLANG_WARN_OBJC_ROOT_CLASS = YES_ERROR;
				CLANG_WARN_UNREACHABLE_CODE = YES;
				CLANG_WARN__DUPLICATE_METHOD_MATCH = YES;
				"CODE_SIGN_IDENTITY[sdk=iphoneos*]" = "iPhone Developer";
				COPY_PHASE_STRIP = NO;
				DEBUG_INFORMATION_FORMAT = dwarf;
				ENABLE_STRICT_OBJC_MSGSEND = YES;
				ENABLE_TESTABILITY = YES;
				GCC_C_LANGUAGE_STANDARD = gnu99;
				GCC_DYNAMIC_NO_PIC = NO;
				GCC_NO_COMMON_BLOCKS = YES;
				GCC_OPTIMIZATION_LEVEL = 0;
				GCC_PREPROCESSOR_DEFINITIONS = (
					"DEBUG=1",
					"$(inherited)",
				);
				GCC_WARN_64_TO_32_BIT_CONVERSION = YES;
				GCC_WARN_ABOUT_RETURN_TYPE = YES_ERROR;
				GCC_WARN_UNDECLARED_SELECTOR = YES;
				GCC_WARN_UNINITIALIZED_AUTOS = YES_AGGRESSIVE;
				GCC_WARN_UNUSED_FUNCTION = YES;
				GCC_WARN_UNUSED_VARIABLE = YES;
				IPHONEOS_DEPLOYMENT_TARGET = 9.3;
				MTL_ENABLE_DEBUG_INFO = YES;
				ONLY_ACTIVE_ARCH = YES;
				SDKROOT = iphoneos;
			};
			name = Debug;
		};
		CE4349EC1CA576E400BC09A7 /* Release */ = {
			isa = XCBuildConfiguration;
			buildSettings = {
				ALWAYS_SEARCH_USER_PATHS = NO;
				CLANG_ANALYZER_NONNULL = YES;
				CLANG_CXX_LANGUAGE_STANDARD = "gnu++0x";
				CLANG_CXX_LIBRARY = "libc++";
				CLANG_ENABLE_MODULES = YES;
				CLANG_ENABLE_OBJC_ARC = YES;
				CLANG_WARN_BOOL_CONVERSION = YES;
				CLANG_WARN_CONSTANT_CONVERSION = YES;
				CLANG_WARN_DIRECT_OBJC_ISA_USAGE = YES_ERROR;
				CLANG_WARN_EMPTY_BODY = YES;
				CLANG_WARN_ENUM_CONVERSION = YES;
				CLANG_WARN_INT_CONVERSION = YES;
				CLANG_WARN_OBJC_ROOT_CLASS = YES_ERROR;
				CLANG_WARN_UNREACHABLE_CODE = YES;
				CLANG_WARN__DUPLICATE_METHOD_MATCH = YES;
				"CODE_SIGN_IDENTITY[sdk=iphoneos*]" = "iPhone Developer";
				COPY_PHASE_STRIP = NO;
				DEBUG_INFORMATION_FORMAT = "dwarf-with-dsym";
				ENABLE_NS_ASSERTIONS = NO;
				ENABLE_STRICT_OBJC_MSGSEND = YES;
				GCC_C_LANGUAGE_STANDARD = gnu99;
				GCC_NO_COMMON_BLOCKS = YES;
				GCC_WARN_64_TO_32_BIT_CONVERSION = YES;
				GCC_WARN_ABOUT_RETURN_TYPE = YES_ERROR;
				GCC_WARN_UNDECLARED_SELECTOR = YES;
				GCC_WARN_UNINITIALIZED_AUTOS = YES_AGGRESSIVE;
				GCC_WARN_UNUSED_FUNCTION = YES;
				GCC_WARN_UNUSED_VARIABLE = YES;
				IPHONEOS_DEPLOYMENT_TARGET = 9.3;
				MTL_ENABLE_DEBUG_INFO = NO;
				SDKROOT = iphoneos;
				VALIDATE_PRODUCT = YES;
			};
			name = Release;
		};
		CE4349EE1CA576E400BC09A7 /* Debug */ = {
			isa = XCBuildConfiguration;
			buildSettings = {
				ASSETCATALOG_COMPILER_APPICON_NAME = AppIcon;
				CODE_SIGN_IDENTITY = "iPhone Developer";
				"CODE_SIGN_IDENTITY[sdk=iphoneos*]" = "iPhone Developer";
				INFOPLIST_FILE = Todo/Info.plist;
				LD_RUNPATH_SEARCH_PATHS = "$(inherited) @executable_path/Frameworks";
				PRODUCT_BUNDLE_IDENTIFIER = hello.Todo;
				PRODUCT_NAME = "$(TARGET_NAME)";
				PROVISIONING_PROFILE = "";
			};
			name = Debug;
		};
		CE4349EF1CA576E400BC09A7 /* Release */ = {
			isa = XCBuildConfiguration;
			buildSettings = {
				ASSETCATALOG_COMPILER_APPICON_NAME = AppIcon;
				CODE_SIGN_IDENTITY = "iPhone Developer";
				"CODE_SIGN_IDENTITY[sdk=iphoneos*]" = "iPhone Developer";
				INFOPLIST_FILE = Todo/Info.plist;
				LD_RUNPATH_SEARCH_PATHS = "$(inherited) @executable_path/Frameworks";
				PRODUCT_BUNDLE_IDENTIFIER = hello.Todo;
				PRODUCT_NAME = "$(TARGET_NAME)";
				PROVISIONING_PROFILE = "";
			};
			name = Release;
		};
/* End XCBuildConfiguration section */

/* Begin XCConfigurationList section */
		CE4349D11CA576E300BC09A7 /* Build configuration list for PBXProject "Todo" */ = {
			isa = XCConfigurationList;
			buildConfigurations = (
				CE4349EB1CA576E400BC09A7 /* Debug */,
				CE4349EC1CA576E400BC09A7 /* Release */,
			);
			defaultConfigurationIsVisible = 0;
			defaultConfigurationName = Release;
		};
		CE4349ED1CA576E400BC09A7 /* Build configuration list for PBXNativeTarget "Todo" */ = {
			isa = XCConfigurationList;
			buildConfigurations = (
				CE4349EE1CA576E400BC09A7 /* Debug */,
				CE4349EF1CA576E400BC09A7 /* Release */,
			);
			defaultConfigurationIsVisible = 0;
			defaultConfigurationName = Release;
		};
/* End XCConfigurationList section */
	};
	rootObject = CE4349CE1CA576E300BC09A7 /* Project object */;
}
